
Microsoft Visual Studio Solution File, Format Version 12.00
# Visual Studio 14
VisualStudioVersion = 14.0.25123.0
MinimumVisualStudioVersion = 10.0.40219.1
Project("{2150E333-8FDC-42A3-9474-1A3956D46DE8}") = "Star", "Star", "{F3602AB2-7959-426C-AFF0-C1F2F9DC6313}"
EndProject
Project("{FAE04EC0-301F-11D3-BF4B-00C04F79EFBC}") = "Star", "Star\Star-master\Star\Star.csproj", "{4A4C9D48-3A1B-4329-83E9-7E06CABFC2CC}"
EndProject
Project("{2150E333-8FDC-42A3-9474-1A3956D46DE8}") = "ChenHui", "ChenHui", "{2E68AAA9-2114-4CF1-9D99-291F2CCFF299}"
EndProject
Project("{FAE04EC0-301F-11D3-BF4B-00C04F79EFBC}") = "ChenHui", "CHENHUIPRINT\ChenHui\ChenHui.csproj", "{6A151812-4C98-47D6-86E2-DFD6C9464C38}"
EndProject
Project("{FAE04EC0-301F-11D3-BF4B-00C04F79EFBC}") = "Common", "CHENHUIPRINT\Common\Common.csproj", "{0BC03476-B77B-4443-A7C0-21944B23B84F}"
EndProject
Project("{FAE04EC0-301F-11D3-BF4B-00C04F79EFBC}") = "Domain", "CHENHUIPRINT\Domain\Domain.csproj", "{E624EFED-933F-4900-9846-B3A88DAECCAF}"
EndProject
Project("{FAE04EC0-301F-11D3-BF4B-00C04F79EFBC}") = "Service", "CHENHUIPRINT\Service\Service.csproj", "{63D76314-891D-4E00-8DE6-AA47A236FF91}"
EndProject
Project("{FAE04EC0-301F-11D3-BF4B-00C04F79EFBC}") = "Service", "Star\Star-master\Service\Service.csproj", "{51501167-9202-4B22-AF21-9DD99AFB08F3}"
EndProject
Project("{FAE04EC0-301F-11D3-BF4B-00C04F79EFBC}") = "Domain", "Star\Star-master\Domain\Domain.csproj", "{67715176-623A-4471-8849-0F3F45F78A04}"
EndProject
Project("{FAE04EC0-301F-11D3-BF4B-00C04F79EFBC}") = "Common", "Star\Star-master\Common\Common.csproj", "{69B6856E-8DC7-4036-939D-DAF38E2A14A2}"
EndProject
Project("{FAE04EC0-301F-11D3-BF4B-00C04F79EFBC}") = "api", "Star\Star-master\api\api.csproj", "{54562CA4-04D3-4521-B72E-CB1737079A61}"
EndProject
Global
	GlobalSection(SolutionConfigurationPlatforms) = preSolution
		Debug|Any CPU = Debug|Any CPU
		Release|Any CPU = Release|Any CPU
	EndGlobalSection
	GlobalSection(ProjectConfigurationPlatforms) = postSolution
		{4A4C9D48-3A1B-4329-83E9-7E06CABFC2CC}.Debug|Any CPU.ActiveCfg = Debug|Any CPU
		{4A4C9D48-3A1B-4329-83E9-7E06CABFC2CC}.Debug|Any CPU.Build.0 = Debug|Any CPU
		{4A4C9D48-3A1B-4329-83E9-7E06CABFC2CC}.Release|Any CPU.ActiveCfg = Release|Any CPU
		{4A4C9D48-3A1B-4329-83E9-7E06CABFC2CC}.Release|Any CPU.Build.0 = Release|Any CPU
		{6A151812-4C98-47D6-86E2-DFD6C9464C38}.Debug|Any CPU.ActiveCfg = Debug|Any CPU
		{6A151812-4C98-47D6-86E2-DFD6C9464C38}.Debug|Any CPU.Build.0 = Debug|Any CPU
		{6A151812-4C98-47D6-86E2-DFD6C9464C38}.Release|Any CPU.ActiveCfg = Release|Any CPU
		{6A151812-4C98-47D6-86E2-DFD6C9464C38}.Release|Any CPU.Build.0 = Release|Any CPU
		{0BC03476-B77B-4443-A7C0-21944B23B84F}.Debug|Any CPU.ActiveCfg = Debug|Any CPU
		{0BC03476-B77B-4443-A7C0-21944B23B84F}.Debug|Any CPU.Build.0 = Debug|Any CPU
		{0BC03476-B77B-4443-A7C0-21944B23B84F}.Release|Any CPU.ActiveCfg = Release|Any CPU
		{0BC03476-B77B-4443-A7C0-21944B23B84F}.Release|Any CPU.Build.0 = Release|Any CPU
		{E624EFED-933F-4900-9846-B3A88DAECCAF}.Debug|Any CPU.ActiveCfg = Debug|Any CPU
		{E624EFED-933F-4900-9846-B3A88DAECCAF}.Debug|Any CPU.Build.0 = Debug|Any CPU
		{E624EFED-933F-4900-9846-B3A88DAECCAF}.Release|Any CPU.ActiveCfg = Release|Any CPU
		{E624EFED-933F-4900-9846-B3A88DAECCAF}.Release|Any CPU.Build.0 = Release|Any CPU
		{63D76314-891D-4E00-8DE6-AA47A236FF91}.Debug|Any CPU.ActiveCfg = Debug|Any CPU
		{63D76314-891D-4E00-8DE6-AA47A236FF91}.Debug|Any CPU.Build.0 = Debug|Any CPU
		{63D76314-891D-4E00-8DE6-AA47A236FF91}.Release|Any CPU.ActiveCfg = Release|Any CPU
		{63D76314-891D-4E00-8DE6-AA47A236FF91}.Release|Any CPU.Build.0 = Release|Any CPU
		{51501167-9202-4B22-AF21-9DD99AFB08F3}.Debug|Any CPU.ActiveCfg = Debug|Any CPU
		{51501167-9202-4B22-AF21-9DD99AFB08F3}.Debug|Any CPU.Build.0 = Debug|Any CPU
		{51501167-9202-4B22-AF21-9DD99AFB08F3}.Release|Any CPU.ActiveCfg = Release|Any CPU
		{51501167-9202-4B22-AF21-9DD99AFB08F3}.Release|Any CPU.Build.0 = Release|Any CPU
		{67715176-623A-4471-8849-0F3F45F78A04}.Debug|Any CPU.ActiveCfg = Debug|Any CPU
		{67715176-623A-4471-8849-0F3F45F78A04}.Debug|Any CPU.Build.0 = Debug|Any CPU
		{67715176-623A-4471-8849-0F3F45F78A04}.Release|Any CPU.ActiveCfg = Release|Any CPU
		{67715176-623A-4471-8849-0F3F45F78A04}.Release|Any CPU.Build.0 = Release|Any CPU
		{69B6856E-8DC7-4036-939D-DAF38E2A14A2}.Debug|Any CPU.ActiveCfg = Debug|Any CPU
		{69B6856E-8DC7-4036-939D-DAF38E2A14A2}.Debug|Any CPU.Build.0 = Debug|Any CPU
		{69B6856E-8DC7-4036-939D-DAF38E2A14A2}.Release|Any CPU.ActiveCfg = Release|Any CPU
		{69B6856E-8DC7-4036-939D-DAF38E2A14A2}.Release|Any CPU.Build.0 = Release|Any CPU
		{54562CA4-04D3-4521-B72E-CB1737079A61}.Debug|Any CPU.ActiveCfg = Debug|Any CPU
		{54562CA4-04D3-4521-B72E-CB1737079A61}.Debug|Any CPU.Build.0 = Debug|Any CPU
		{54562CA4-04D3-4521-B72E-CB1737079A61}.Release|Any CPU.ActiveCfg = Release|Any CPU
		{54562CA4-04D3-4521-B72E-CB1737079A61}.Release|Any CPU.Build.0 = Release|Any CPU
	EndGlobalSection
	GlobalSection(SolutionProperties) = preSolution
		HideSolutionNode = FALSE
	EndGlobalSection
	GlobalSection(NestedProjects) = preSolution
		{4A4C9D48-3A1B-4329-83E9-7E06CABFC2CC} = {F3602AB2-7959-426C-AFF0-C1F2F9DC6313}
		{6A151812-4C98-47D6-86E2-DFD6C9464C38} = {2E68AAA9-2114-4CF1-9D99-291F2CCFF299}
		{0BC03476-B77B-4443-A7C0-21944B23B84F} = {2E68AAA9-2114-4CF1-9D99-291F2CCFF299}
		{E624EFED-933F-4900-9846-B3A88DAECCAF} = {2E68AAA9-2114-4CF1-9D99-291F2CCFF299}
		{63D76314-891D-4E00-8DE6-AA47A236FF91} = {2E68AAA9-2114-4CF1-9D99-291F2CCFF299}
		{51501167-9202-4B22-AF21-9DD99AFB08F3} = {F3602AB2-7959-426C-AFF0-C1F2F9DC6313}
		{67715176-623A-4471-8849-0F3F45F78A04} = {F3602AB2-7959-426C-AFF0-C1F2F9DC6313}
		{69B6856E-8DC7-4036-939D-DAF38E2A14A2} = {F3602AB2-7959-426C-AFF0-C1F2F9DC6313}
		{54562CA4-04D3-4521-B72E-CB1737079A61} = {F3602AB2-7959-426C-AFF0-C1F2F9DC6313}
	EndGlobalSection
EndGlobal
