
Microsoft Visual Studio Solution File, Format Version 12.00
# Visual Studio 14
VisualStudioVersion = 14.0.25123.0
MinimumVisualStudioVersion = 10.0.40219.1
Project("{2150E333-8FDC-42A3-9474-1A3956D46DE8}") = "应用服务", "应用服务", "{075854E0-D1E4-4C90-90CA-FB5B5E550EBA}"
EndProject
Project("{2150E333-8FDC-42A3-9474-1A3956D46DE8}") = "Solution Items", "Solution Items", "{E756A869-9A17-4DC1-9835-A092F33E753F}"
	ProjectSection(SolutionItems) = preProject
		ReadMe.txt = ReadMe.txt
		固定资产管理文档.txt = 固定资产管理文档.txt
	EndProjectSection
EndProject
Project("{2150E333-8FDC-42A3-9474-1A3956D46DE8}") = "应用类库", "应用类库", "{425671A8-8CE8-4EB7-8375-D7B0D7411DC0}"
EndProject
Project("{2150E333-8FDC-42A3-9474-1A3956D46DE8}") = "应用程序", "应用程序", "{F411E641-0C7C-412C-B464-E2360184F818}"
EndProject
Project("{2150E333-8FDC-42A3-9474-1A3956D46DE8}") = "测试项目", "测试项目", "{AF012F0E-9E7E-4162-9D44-910E808EA2AC}"
EndProject
Project("{FAE04EC0-301F-11D3-BF4B-00C04F79EFBC}") = "Common", "Common\Common.csproj", "{0BC03476-B77B-4443-A7C0-21944B23B84F}"
EndProject
Project("{FAE04EC0-301F-11D3-BF4B-00C04F79EFBC}") = "Domain", "Domain\Domain.csproj", "{67715176-623A-4471-8849-0F3F45F78A04}"
EndProject
Project("{FAE04EC0-301F-11D3-BF4B-00C04F79EFBC}") = "Service", "Service\Service.csproj", "{51501167-9202-4B22-AF21-9DD99AFB08F3}"
EndProject
Project("{FAE04EC0-301F-11D3-BF4B-00C04F79EFBC}") = "Star", "Star\Star.csproj", "{4A4C9D48-3A1B-4329-83E9-7E06CABFC2CC}"
EndProject
Project("{FAE04EC0-301F-11D3-BF4B-00C04F79EFBC}") = "api", "api\api.csproj", "{54562CA4-04D3-4521-B72E-CB1737079A61}"
EndProject
Global
	GlobalSection(SolutionConfigurationPlatforms) = preSolution
		Debug|Any CPU = Debug|Any CPU
		Release|Any CPU = Release|Any CPU
	EndGlobalSection
	GlobalSection(ProjectConfigurationPlatforms) = postSolution
		{0BC03476-B77B-4443-A7C0-21944B23B84F}.Debug|Any CPU.ActiveCfg = Debug|Any CPU
		{0BC03476-B77B-4443-A7C0-21944B23B84F}.Debug|Any CPU.Build.0 = Debug|Any CPU
		{0BC03476-B77B-4443-A7C0-21944B23B84F}.Release|Any CPU.ActiveCfg = Release|Any CPU
		{0BC03476-B77B-4443-A7C0-21944B23B84F}.Release|Any CPU.Build.0 = Release|Any CPU
		{67715176-623A-4471-8849-0F3F45F78A04}.Debug|Any CPU.ActiveCfg = Debug|Any CPU
		{67715176-623A-4471-8849-0F3F45F78A04}.Debug|Any CPU.Build.0 = Debug|Any CPU
		{67715176-623A-4471-8849-0F3F45F78A04}.Release|Any CPU.ActiveCfg = Release|Any CPU
		{67715176-623A-4471-8849-0F3F45F78A04}.Release|Any CPU.Build.0 = Release|Any CPU
		{51501167-9202-4B22-AF21-9DD99AFB08F3}.Debug|Any CPU.ActiveCfg = Debug|Any CPU
		{51501167-9202-4B22-AF21-9DD99AFB08F3}.Debug|Any CPU.Build.0 = Debug|Any CPU
		{51501167-9202-4B22-AF21-9DD99AFB08F3}.Release|Any CPU.ActiveCfg = Release|Any CPU
		{51501167-9202-4B22-AF21-9DD99AFB08F3}.Release|Any CPU.Build.0 = Release|Any CPU
		{4A4C9D48-3A1B-4329-83E9-7E06CABFC2CC}.Debug|Any CPU.ActiveCfg = Debug|Any CPU
		{4A4C9D48-3A1B-4329-83E9-7E06CABFC2CC}.Debug|Any CPU.Build.0 = Debug|Any CPU
		{4A4C9D48-3A1B-4329-83E9-7E06CABFC2CC}.Release|Any CPU.ActiveCfg = Release|Any CPU
		{4A4C9D48-3A1B-4329-83E9-7E06CABFC2CC}.Release|Any CPU.Build.0 = Release|Any CPU
		{54562CA4-04D3-4521-B72E-CB1737079A61}.Debug|Any CPU.ActiveCfg = Debug|Any CPU
		{54562CA4-04D3-4521-B72E-CB1737079A61}.Debug|Any CPU.Build.0 = Debug|Any CPU
		{54562CA4-04D3-4521-B72E-CB1737079A61}.Release|Any CPU.ActiveCfg = Release|Any CPU
		{54562CA4-04D3-4521-B72E-CB1737079A61}.Release|Any CPU.Build.0 = Release|Any CPU
	EndGlobalSection
	GlobalSection(SolutionProperties) = preSolution
		HideSolutionNode = FALSE
	EndGlobalSection
	GlobalSection(NestedProjects) = preSolution
		{0BC03476-B77B-4443-A7C0-21944B23B84F} = {425671A8-8CE8-4EB7-8375-D7B0D7411DC0}
		{67715176-623A-4471-8849-0F3F45F78A04} = {075854E0-D1E4-4C90-90CA-FB5B5E550EBA}
		{51501167-9202-4B22-AF21-9DD99AFB08F3} = {075854E0-D1E4-4C90-90CA-FB5B5E550EBA}
		{4A4C9D48-3A1B-4329-83E9-7E06CABFC2CC} = {F411E641-0C7C-412C-B464-E2360184F818}
		{54562CA4-04D3-4521-B72E-CB1737079A61} = {075854E0-D1E4-4C90-90CA-FB5B5E550EBA}
	EndGlobalSection
EndGlobal
